// !$*UTF8*$!
{
	archiveVersion = 1;
	classes = {
	};
	objectVersion = 50;
	objects = {

/* Begin PBXBuildFile section */
		D62F639020C7E70800A44662 /* Extensions.swift in Sources */ = {isa = PBXBuildFile; fileRef = D62F638F20C7E70800A44662 /* Extensions.swift */; };
		D6FE389E20C629D7009BB662 /* AppDelegate.swift in Sources */ = {isa = PBXBuildFile; fileRef = D6FE389D20C629D7009BB662 /* AppDelegate.swift */; };
		D6FE38A020C629D7009BB662 /* NowPlayingViewController.swift in Sources */ = {isa = PBXBuildFile; fileRef = D6FE389F20C629D7009BB662 /* NowPlayingViewController.swift */; };
		D6FE38A320C629D7009BB662 /* Main.storyboard in Resources */ = {isa = PBXBuildFile; fileRef = D6FE38A120C629D7009BB662 /* Main.storyboard */; };
		D6FE38A520C629D9009BB662 /* Assets.xcassets in Resources */ = {isa = PBXBuildFile; fileRef = D6FE38A420C629D9009BB662 /* Assets.xcassets */; };
		D6FE38A820C629D9009BB662 /* LaunchScreen.storyboard in Resources */ = {isa = PBXBuildFile; fileRef = D6FE38A620C629D9009BB662 /* LaunchScreen.storyboard */; };
/* End PBXBuildFile section */

/* Begin PBXFileReference section */
		D62F638F20C7E70800A44662 /* Extensions.swift */ = {isa = PBXFileReference; lastKnownFileType = sourcecode.swift; path = Extensions.swift; sourceTree = "<group>"; };
		D6FE389A20C629D7009BB662 /* Now Playing.app */ = {isa = PBXFileReference; explicitFileType = wrapper.application; includeInIndex = 0; path = "Now Playing.app"; sourceTree = BUILT_PRODUCTS_DIR; };
		D6FE389D20C629D7009BB662 /* AppDelegate.swift */ = {isa = PBXFileReference; lastKnownFileType = sourcecode.swift; path = AppDelegate.swift; sourceTree = "<group>"; };
		D6FE389F20C629D7009BB662 /* NowPlayingViewController.swift */ = {isa = PBXFileReference; lastKnownFileType = sourcecode.swift; path = NowPlayingViewController.swift; sourceTree = "<group>"; };
		D6FE38A220C629D7009BB662 /* Base */ = {isa = PBXFileReference; lastKnownFileType = file.storyboard; name = Base; path = Base.lproj/Main.storyboard; sourceTree = "<group>"; };
		D6FE38A420C629D9009BB662 /* Assets.xcassets */ = {isa = PBXFileReference; lastKnownFileType = folder.assetcatalog; path = Assets.xcassets; sourceTree = "<group>"; };
		D6FE38A720C629D9009BB662 /* Base */ = {isa = PBXFileReference; lastKnownFileType = file.storyboard; name = Base; path = Base.lproj/LaunchScreen.storyboard; sourceTree = "<group>"; };
		D6FE38A920C629D9009BB662 /* Info.plist */ = {isa = PBXFileReference; lastKnownFileType = text.plist.xml; path = Info.plist; sourceTree = "<group>"; };
		D6FE38AF20C62A0A009BB662 /* Testing.playground */ = {isa = PBXFileReference; lastKnownFileType = file.playground; path = Testing.playground; sourceTree = "<group>"; xcLanguageSpecificationIdentifier = xcode.lang.swift; };
/* End PBXFileReference section */

/* Begin PBXFrameworksBuildPhase section */
		D6FE389720C629D7009BB662 /* Frameworks */ = {
			isa = PBXFrameworksBuildPhase;
			buildActionMask = 2147483647;
			files = (
			);
			runOnlyForDeploymentPostprocessing = 0;
		};
/* End PBXFrameworksBuildPhase section */

/* Begin PBXGroup section */
		D6FE389120C629D7009BB662 = {
			isa = PBXGroup;
			children = (
				D6FE389C20C629D7009BB662 /* Now Playing */,
				D6FE389B20C629D7009BB662 /* Products */,
			);
			sourceTree = "<group>";
		};
		D6FE389B20C629D7009BB662 /* Products */ = {
			isa = PBXGroup;
			children = (
				D6FE389A20C629D7009BB662 /* Now Playing.app */,
			);
			name = Products;
			sourceTree = "<group>";
		};
		D6FE389C20C629D7009BB662 /* Now Playing */ = {
			isa = PBXGroup;
			children = (
				D6FE389D20C629D7009BB662 /* AppDelegate.swift */,
				D6FE389F20C629D7009BB662 /* NowPlayingViewController.swift */,
				D62F638F20C7E70800A44662 /* Extensions.swift */,
				D6FE38A120C629D7009BB662 /* Main.storyboard */,
				D6FE38A420C629D9009BB662 /* Assets.xcassets */,
				D6FE38A620C629D9009BB662 /* LaunchScreen.storyboard */,
				D6FE38A920C629D9009BB662 /* Info.plist */,
				D6FE38AF20C62A0A009BB662 /* Testing.playground */,
			);
			path = "Now Playing";
			sourceTree = "<group>";
		};
/* End PBXGroup section */

/* Begin PBXNativeTarget section */
		D6FE389920C629D7009BB662 /* Now Playing */ = {
			isa = PBXNativeTarget;
			buildConfigurationList = D6FE38AC20C629D9009BB662 /* Build configuration list for PBXNativeTarget "Now Playing" */;
			buildPhases = (
				D6FE389620C629D7009BB662 /* Sources */,
				D6FE389720C629D7009BB662 /* Frameworks */,
				D6FE389820C629D7009BB662 /* Resources */,
			);
			buildRules = (
			);
			dependencies = (
			);
			name = "Now Playing";
			productName = "Now Playing";
			productReference = D6FE389A20C629D7009BB662 /* Now Playing.app */;
			productType = "com.apple.product-type.application";
		};
/* End PBXNativeTarget section */

/* Begin PBXProject section */
		D6FE389220C629D7009BB662 /* Project object */ = {
			isa = PBXProject;
			attributes = {
				LastSwiftUpdateCheck = 1000;
				LastUpgradeCheck = 1000;
				ORGANIZATIONNAME = "Thomas Greenwood";
				TargetAttributes = {
					D6FE389920C629D7009BB662 = {
						CreatedOnToolsVersion = 10.0;
					};
				};
			};
			buildConfigurationList = D6FE389520C629D7009BB662 /* Build configuration list for PBXProject "Now Playing" */;
			compatibilityVersion = "Xcode 9.3";
			developmentRegion = en;
			hasScannedForEncodings = 0;
			knownRegions = (
				en,
				Base,
			);
			mainGroup = D6FE389120C629D7009BB662;
			productRefGroup = D6FE389B20C629D7009BB662 /* Products */;
			projectDirPath = "";
			projectRoot = "";
			targets = (
				D6FE389920C629D7009BB662 /* Now Playing */,
			);
		};
/* End PBXProject section */

/* Begin PBXResourcesBuildPhase section */
		D6FE389820C629D7009BB662 /* Resources */ = {
			isa = PBXResourcesBuildPhase;
			buildActionMask = 2147483647;
			files = (
				D6FE38A820C629D9009BB662 /* LaunchScreen.storyboard in Resources */,
				D6FE38A520C629D9009BB662 /* Assets.xcassets in Resources */,
				D6FE38A320C629D7009BB662 /* Main.storyboard in Resources */,
			);
			runOnlyForDeploymentPostprocessing = 0;
		};
/* End PBXResourcesBuildPhase section */

/* Begin PBXSourcesBuildPhase section */
		D6FE389620C629D7009BB662 /* Sources */ = {
			isa = PBXSourcesBuildPhase;
			buildActionMask = 2147483647;
			files = (
				D6FE38A020C629D7009BB662 /* NowPlayingViewController.swift in Sources */,
				D62F639020C7E70800A44662 /* Extensions.swift in Sources */,
				D6FE389E20C629D7009BB662 /* AppDelegate.swift in Sources */,
			);
			runOnlyForDeploymentPostprocessing = 0;
		};
/* End PBXSourcesBuildPhase section */

/* Begin PBXVariantGroup section */
		D6FE38A120C629D7009BB662 /* Main.storyboard */ = {
			isa = PBXVariantGroup;
			children = (
				D6FE38A220C629D7009BB662 /* Base */,
			);
			name = Main.storyboard;
			sourceTree = "<group>";
		};
		D6FE38A620C629D9009BB662 /* LaunchScreen.storyboard */ = {
			isa = PBXVariantGroup;
			children = (
				D6FE38A720C629D9009BB662 /* Base */,
			);
			name = LaunchScreen.storyboard;
			sourceTree = "<group>";
		};
/* End PBXVariantGroup section */

/* Begin XCBuildConfiguration section */
		D6FE38AA20C629D9009BB662 /* Debug */ = {
			isa = XCBuildConfiguration;
			buildSettings = {
				ALWAYS_SEARCH_USER_PATHS = NO;
				CLANG_ANALYZER_NONNULL = YES;
				CLANG_ANALYZER_NUMBER_OBJECT_CONVERSION = YES_AGGRESSIVE;
				CLANG_CXX_LANGUAGE_STANDARD = "gnu++14";
				CLANG_CXX_LIBRARY = "libc++";
				CLANG_ENABLE_MODULES = YES;
				CLANG_ENABLE_OBJC_ARC = YES;
				CLANG_ENABLE_OBJC_WEAK = YES;
				CLANG_WARN_BLOCK_CAPTURE_AUTORELEASING = YES;
				CLANG_WARN_BOOL_CONVERSION = YES;
				CLANG_WARN_COMMA = YES;
				CLANG_WARN_CONSTANT_CONVERSION = YES;
				CLANG_WARN_DEPRECATED_OBJC_IMPLEMENTATIONS = YES;
				CLANG_WARN_DIRECT_OBJC_ISA_USAGE = YES_ERROR;
				CLANG_WARN_DOCUMENTATION_COMMENTS = YES;
				CLANG_WARN_EMPTY_BODY = YES;
				CLANG_WARN_ENUM_CONVERSION = YES;
				CLANG_WARN_INFINITE_RECURSION = YES;
				CLANG_WARN_INT_CONVERSION = YES;
				CLANG_WARN_NON_LITERAL_NULL_CONVERSION = YES;
				CLANG_WARN_OBJC_IMPLICIT_RETAIN_SELF = YES;
				CLANG_WARN_OBJC_LITERAL_CONVERSION = YES;
				CLANG_WARN_OBJC_ROOT_CLASS = YES_ERROR;
				CLANG_WARN_RANGE_LOOP_ANALYSIS = YES;
				CLANG_WARN_STRICT_PROTOTYPES = YES;
				CLANG_WARN_SUSPICIOUS_MOVE = YES;
				CLANG_WARN_UNGUARDED_AVAILABILITY = YES_AGGRESSIVE;
				CLANG_WARN_UNREACHABLE_CODE = YES;
				CLANG_WARN__DUPLICATE_METHOD_MATCH = YES;
				CODE_SIGN_IDENTITY = "iPhone Developer";
				COPY_PHASE_STRIP = NO;
				DEBUG_INFORMATION_FORMAT = dwarf;
				ENABLE_STRICT_OBJC_MSGSEND = YES;
				ENABLE_TESTABILITY = YES;
				GCC_C_LANGUAGE_STANDARD = gnu11;
				GCC_DYNAMIC_NO_PIC = NO;
				GCC_NO_COMMON_BLOCKS = YES;
				GCC_OPTIMIZATION_LEVEL = 0;
				GCC_PREPROCESSOR_DEFINITIONS = (
					"DEBUG=1",
					"$(inherited)",
				);
				GCC_WARN_64_TO_32_BIT_CONVERSION = YES;
				GCC_WARN_ABOUT_RETURN_TYPE = YES_ERROR;
				GCC_WARN_UNDECLARED_SELECTOR = YES;
				GCC_WARN_UNINITIALIZED_AUTOS = YES_AGGRESSIVE;
				GCC_WARN_UNUSED_FUNCTION = YES;
				GCC_WARN_UNUSED_VARIABLE = YES;
				IPHONEOS_DEPLOYMENT_TARGET = 12.0;
				MTL_ENABLE_DEBUG_INFO = INCLUDE_SOURCE;
				ONLY_ACTIVE_ARCH = YES;
				SDKROOT = iphoneos;
				SWIFT_ACTIVE_COMPILATION_CONDITIONS = DEBUG;
				SWIFT_OPTIMIZATION_LEVEL = "-Onone";
			};
			name = Debug;
		};
		D6FE38AB20C629D9009BB662 /* Release */ = {
			isa = XCBuildConfiguration;
			buildSettings = {
				ALWAYS_SEARCH_USER_PATHS = NO;
				CLANG_ANALYZER_NONNULL = YES;
				CLANG_ANALYZER_NUMBER_OBJECT_CONVERSION = YES_AGGRESSIVE;
				CLANG_CXX_LANGUAGE_STANDARD = "gnu++14";
				CLANG_CXX_LIBRARY = "libc++";
				CLANG_ENABLE_MODULES = YES;
				CLANG_ENABLE_OBJC_ARC = YES;
				CLANG_ENABLE_OBJC_WEAK = YES;
				CLANG_WARN_BLOCK_CAPTURE_AUTORELEASING = YES;
				CLANG_WARN_BOOL_CONVERSION = YES;
				CLANG_WARN_COMMA = YES;
				CLANG_WARN_CONSTANT_CONVERSION = YES;
				CLANG_WARN_DEPRECATED_OBJC_IMPLEMENTATIONS = YES;
				CLANG_WARN_DIRECT_OBJC_ISA_USAGE = YES_ERROR;
				CLANG_WARN_DOCUMENTATION_COMMENTS = YES;
				CLANG_WARN_EMPTY_BODY = YES;
				CLANG_WARN_ENUM_CONVERSION = YES;
				CLANG_WARN_INFINITE_RECURSION = YES;
				CLANG_WARN_INT_CONVERSION = YES;
				CLANG_WARN_NON_LITERAL_NULL_CONVERSION = YES;
				CLANG_WARN_OBJC_IMPLICIT_RETAIN_SELF = YES;
				CLANG_WARN_OBJC_LITERAL_CONVERSION = YES;
				CLANG_WARN_OBJC_ROOT_CLASS = YES_ERROR;
				CLANG_WARN_RANGE_LOOP_ANALYSIS = YES;
				CLANG_WARN_STRICT_PROTOTYPES = YES;
				CLANG_WARN_SUSPICIOUS_MOVE = YES;
				CLANG_WARN_UNGUARDED_AVAILABILITY = YES_AGGRESSIVE;
				CLANG_WARN_UNREACHABLE_CODE = YES;
				CLANG_WARN__DUPLICATE_METHOD_MATCH = YES;
				CODE_SIGN_IDENTITY = "iPhone Developer";
				COPY_PHASE_STRIP = NO;
				DEBUG_INFORMATION_FORMAT = "dwarf-with-dsym";
				ENABLE_NS_ASSERTIONS = NO;
				ENABLE_STRICT_OBJC_MSGSEND = YES;
				GCC_C_LANGUAGE_STANDARD = gnu11;
				GCC_NO_COMMON_BLOCKS = YES;
				GCC_WARN_64_TO_32_BIT_CONVERSION = YES;
				GCC_WARN_ABOUT_RETURN_TYPE = YES_ERROR;
				GCC_WARN_UNDECLARED_SELECTOR = YES;
				GCC_WARN_UNINITIALIZED_AUTOS = YES_AGGRESSIVE;
				GCC_WARN_UNUSED_FUNCTION = YES;
				GCC_WARN_UNUSED_VARIABLE = YES;
				IPHONEOS_DEPLOYMENT_TARGET = 12.0;
				MTL_ENABLE_DEBUG_INFO = NO;
				SDKROOT = iphoneos;
				SWIFT_COMPILATION_MODE = wholemodule;
				SWIFT_OPTIMIZATION_LEVEL = "-O";
				VALIDATE_PRODUCT = YES;
			};
			name = Release;
		};
		D6FE38AD20C629D9009BB662 /* Debug */ = {
			isa = XCBuildConfiguration;
			buildSettings = {
				ASSETCATALOG_COMPILER_APPICON_NAME = AppIcon;
				CODE_SIGN_STYLE = Automatic;
				DEVELOPMENT_TEAM = F33EN56G35;
				INFOPLIST_FILE = "Now Playing/Info.plist";
				LD_RUNPATH_SEARCH_PATHS = (
					"$(inherited)",
					"@executable_path/Frameworks",
				);
				PRODUCT_BUNDLE_IDENTIFIER = "com.greeny.Now-Playing";
				PRODUCT_NAME = "$(TARGET_NAME)";
				SWIFT_VERSION = 4.2;
				TARGETED_DEVICE_FAMILY = "1,2";
			};
			name = Debug;
		};
		D6FE38AE20C629D9009BB662 /* Release */ = {
			isa = XCBuildConfiguration;
			buildSettings = {
				ASSETCATALOG_COMPILER_APPICON_NAME = AppIcon;
				CODE_SIGN_STYLE = Automatic;
				DEVELOPMENT_TEAM = F33EN56G35;
				INFOPLIST_FILE = "Now Playing/Info.plist";
				LD_RUNPATH_SEARCH_PATHS = (
					"$(inherited)",
					"@executable_path/Frameworks",
				);
				PRODUCT_BUNDLE_IDENTIFIER = "com.greeny.Now-Playing";
				PRODUCT_NAME = "$(TARGET_NAME)";
				SWIFT_VERSION = 4.2;
				TARGETED_DEVICE_FAMILY = "1,2";
			};
			name = Release;
		};
/* End XCBuildConfiguration section */

/* Begin XCConfigurationList section */
		D6FE389520C629D7009BB662 /* Build configuration list for PBXProject "Now Playing" */ = {
			isa = XCConfigurationList;
			buildConfigurations = (
				D6FE38AA20C629D9009BB662 /* Debug */,
				D6FE38AB20C629D9009BB662 /* Release */,
			);
			defaultConfigurationIsVisible = 0;
			defaultConfigurationName = Release;
		};
		D6FE38AC20C629D9009BB662 /* Build configuration list for PBXNativeTarget "Now Playing" */ = {
			isa = XCConfigurationList;
			buildConfigurations = (
				D6FE38AD20C629D9009BB662 /* Debug */,
				D6FE38AE20C629D9009BB662 /* Release */,
			);
			defaultConfigurationIsVisible = 0;
			defaultConfigurationName = Release;
		};
/* End XCConfigurationList section */
	};
	rootObject = D6FE389220C629D7009BB662 /* Project object */;
}
