// !$*UTF8*$!
{
	archiveVersion = 1;
	classes = {
	};
	objectVersion = 50;
	objects = {

/* Begin PBXBuildFile section */
		D6218367221421B800F4BA6B /* Spotify.swift in Sources */ = {isa = PBXBuildFile; fileRef = D6218366221421B800F4BA6B /* Spotify.swift */; };
		D62F639020C7E70800A44662 /* Extensions.swift in Sources */ = {isa = PBXBuildFile; fileRef = D62F638F20C7E70800A44662 /* Extensions.swift */; };
		D6323E6A20CBD8EA007728F9 /* SettingsViewController.swift in Sources */ = {isa = PBXBuildFile; fileRef = D6323E6920CBD8EA007728F9 /* SettingsViewController.swift */; };
		D6323E7420CBF871007728F9 /* Messages.framework in Frameworks */ = {isa = PBXBuildFile; fileRef = D6323E7320CBF871007728F9 /* Messages.framework */; };
		D6323E7720CBF871007728F9 /* MessagesViewController.swift in Sources */ = {isa = PBXBuildFile; fileRef = D6323E7620CBF871007728F9 /* MessagesViewController.swift */; };
		D6323E7A20CBF871007728F9 /* MainInterface.storyboard in Resources */ = {isa = PBXBuildFile; fileRef = D6323E7820CBF871007728F9 /* MainInterface.storyboard */; };
		D6323E7C20CBF874007728F9 /* Assets.xcassets in Resources */ = {isa = PBXBuildFile; fileRef = D6323E7B20CBF874007728F9 /* Assets.xcassets */; };
		D6323E8020CBF874007728F9 /* NowPlayingMessageExtension.appex in Embed App Extensions */ = {isa = PBXBuildFile; fileRef = D6323E7120CBF871007728F9 /* NowPlayingMessageExtension.appex */; settings = {ATTRIBUTES = (RemoveHeadersOnCopy, ); }; };
		D642677B2213F01B00259034 /* NowPlaying.swift in Sources */ = {isa = PBXBuildFile; fileRef = D642677A2213F01B00259034 /* NowPlaying.swift */; };
		D6AB5D30223355E000D50764 /* NowPlayingTabBarController.swift in Sources */ = {isa = PBXBuildFile; fileRef = D6AB5D2F223355E000D50764 /* NowPlayingTabBarController.swift */; };
		D6FE389E20C629D7009BB662 /* AppDelegate.swift in Sources */ = {isa = PBXBuildFile; fileRef = D6FE389D20C629D7009BB662 /* AppDelegate.swift */; };
		D6FE38A020C629D7009BB662 /* NowPlayingViewController.swift in Sources */ = {isa = PBXBuildFile; fileRef = D6FE389F20C629D7009BB662 /* NowPlayingViewController.swift */; };
		D6FE38A320C629D7009BB662 /* Main.storyboard in Resources */ = {isa = PBXBuildFile; fileRef = D6FE38A120C629D7009BB662 /* Main.storyboard */; };
		D6FE38A520C629D9009BB662 /* Assets.xcassets in Resources */ = {isa = PBXBuildFile; fileRef = D6FE38A420C629D9009BB662 /* Assets.xcassets */; };
		D6FE38A820C629D9009BB662 /* LaunchScreen.storyboard in Resources */ = {isa = PBXBuildFile; fileRef = D6FE38A620C629D9009BB662 /* LaunchScreen.storyboard */; };
/* End PBXBuildFile section */

/* Begin PBXContainerItemProxy section */
		D6323E7E20CBF874007728F9 /* PBXContainerItemProxy */ = {
			isa = PBXContainerItemProxy;
			containerPortal = D6FE389220C629D7009BB662 /* Project object */;
			proxyType = 1;
			remoteGlobalIDString = D6323E7020CBF871007728F9;
			remoteInfo = NowPlayingMessageExtension;
		};
/* End PBXContainerItemProxy section */

/* Begin PBXCopyFilesBuildPhase section */
		D6323E8420CBF874007728F9 /* Embed App Extensions */ = {
			isa = PBXCopyFilesBuildPhase;
			buildActionMask = 2147483647;
			dstPath = "";
			dstSubfolderSpec = 13;
			files = (
				D6323E8020CBF874007728F9 /* NowPlayingMessageExtension.appex in Embed App Extensions */,
			);
			name = "Embed App Extensions";
			runOnlyForDeploymentPostprocessing = 0;
		};
/* End PBXCopyFilesBuildPhase section */

/* Begin PBXFileReference section */
		D6218366221421B800F4BA6B /* Spotify.swift */ = {isa = PBXFileReference; lastKnownFileType = sourcecode.swift; path = Spotify.swift; sourceTree = "<group>"; };
		D62F638F20C7E70800A44662 /* Extensions.swift */ = {isa = PBXFileReference; lastKnownFileType = sourcecode.swift; path = Extensions.swift; sourceTree = "<group>"; };
		D62F639120C7F39800A44662 /* README.md */ = {isa = PBXFileReference; lastKnownFileType = net.daringfireball.markdown; path = README.md; sourceTree = "<group>"; };
		D6323E6920CBD8EA007728F9 /* SettingsViewController.swift */ = {isa = PBXFileReference; lastKnownFileType = sourcecode.swift; path = SettingsViewController.swift; sourceTree = "<group>"; };
		D6323E7120CBF871007728F9 /* NowPlayingMessageExtension.appex */ = {isa = PBXFileReference; explicitFileType = "wrapper.app-extension"; includeInIndex = 0; path = NowPlayingMessageExtension.appex; sourceTree = BUILT_PRODUCTS_DIR; };
		D6323E7320CBF871007728F9 /* Messages.framework */ = {isa = PBXFileReference; lastKnownFileType = wrapper.framework; name = Messages.framework; path = System/Library/Frameworks/Messages.framework; sourceTree = SDKROOT; };
		D6323E7620CBF871007728F9 /* MessagesViewController.swift */ = {isa = PBXFileReference; lastKnownFileType = sourcecode.swift; path = MessagesViewController.swift; sourceTree = "<group>"; };
		D6323E7920CBF871007728F9 /* Base */ = {isa = PBXFileReference; lastKnownFileType = file.storyboard; name = Base; path = Base.lproj/MainInterface.storyboard; sourceTree = "<group>"; };
		D6323E7B20CBF874007728F9 /* Assets.xcassets */ = {isa = PBXFileReference; lastKnownFileType = folder.assetcatalog; path = Assets.xcassets; sourceTree = "<group>"; };
		D642677A2213F01B00259034 /* NowPlaying.swift */ = {isa = PBXFileReference; lastKnownFileType = sourcecode.swift; path = NowPlaying.swift; sourceTree = "<group>"; };
		D698450B20D5E4AA0065D9D1 /* AVFoundation.framework */ = {isa = PBXFileReference; lastKnownFileType = wrapper.framework; name = AVFoundation.framework; path = System/Library/Frameworks/AVFoundation.framework; sourceTree = SDKROOT; };
		D6AB5D2F223355E000D50764 /* NowPlayingTabBarController.swift */ = {isa = PBXFileReference; lastKnownFileType = sourcecode.swift; path = NowPlayingTabBarController.swift; sourceTree = "<group>"; };
		D6F8DAAA222A150400EA1F08 /* Info.plist */ = {isa = PBXFileReference; fileEncoding = 4; lastKnownFileType = text.plist.xml; path = Info.plist; sourceTree = "<group>"; };
		D6F8DAAF222A165E00EA1F08 /* Info.plist */ = {isa = PBXFileReference; fileEncoding = 4; lastKnownFileType = text.plist.xml; path = Info.plist; sourceTree = "<group>"; };
		D6FE389A20C629D7009BB662 /* Now Playing.app */ = {isa = PBXFileReference; explicitFileType = wrapper.application; includeInIndex = 0; path = "Now Playing.app"; sourceTree = BUILT_PRODUCTS_DIR; };
		D6FE389D20C629D7009BB662 /* AppDelegate.swift */ = {isa = PBXFileReference; lastKnownFileType = sourcecode.swift; path = AppDelegate.swift; sourceTree = "<group>"; };
		D6FE389F20C629D7009BB662 /* NowPlayingViewController.swift */ = {isa = PBXFileReference; lastKnownFileType = sourcecode.swift; path = NowPlayingViewController.swift; sourceTree = "<group>"; };
		D6FE38A220C629D7009BB662 /* Base */ = {isa = PBXFileReference; lastKnownFileType = file.storyboard; name = Base; path = Base.lproj/Main.storyboard; sourceTree = "<group>"; };
		D6FE38A420C629D9009BB662 /* Assets.xcassets */ = {isa = PBXFileReference; lastKnownFileType = folder.assetcatalog; path = Assets.xcassets; sourceTree = "<group>"; };
		D6FE38A720C629D9009BB662 /* Base */ = {isa = PBXFileReference; lastKnownFileType = file.storyboard; name = Base; path = Base.lproj/LaunchScreen.storyboard; sourceTree = "<group>"; };
/* End PBXFileReference section */

/* Begin PBXFrameworksBuildPhase section */
		D6323E6E20CBF871007728F9 /* Frameworks */ = {
			isa = PBXFrameworksBuildPhase;
			buildActionMask = 2147483647;
			files = (
				D6323E7420CBF871007728F9 /* Messages.framework in Frameworks */,
			);
			runOnlyForDeploymentPostprocessing = 0;
		};
		D6FE389720C629D7009BB662 /* Frameworks */ = {
			isa = PBXFrameworksBuildPhase;
			buildActionMask = 2147483647;
			files = (
			);
			runOnlyForDeploymentPostprocessing = 0;
		};
/* End PBXFrameworksBuildPhase section */

/* Begin PBXGroup section */
		D6323E7220CBF871007728F9 /* Frameworks */ = {
			isa = PBXGroup;
			children = (
				D698450B20D5E4AA0065D9D1 /* AVFoundation.framework */,
				D6323E7320CBF871007728F9 /* Messages.framework */,
			);
			name = Frameworks;
			sourceTree = "<group>";
		};
		D6323E7520CBF871007728F9 /* NowPlayingMessageExtension */ = {
			isa = PBXGroup;
			children = (
				D6323E7620CBF871007728F9 /* MessagesViewController.swift */,
				D6323E7820CBF871007728F9 /* MainInterface.storyboard */,
				D6F8DAAC222A157800EA1F08 /* Supporting Files */,
			);
			path = NowPlayingMessageExtension;
			sourceTree = "<group>";
		};
		D6F8DAA5222A13E400EA1F08 /* Controllers */ = {
			isa = PBXGroup;
			children = (
				D6FE389F20C629D7009BB662 /* NowPlayingViewController.swift */,
				D6323E6920CBD8EA007728F9 /* SettingsViewController.swift */,
				D6AB5D2F223355E000D50764 /* NowPlayingTabBarController.swift */,
			);
			path = Controllers;
			sourceTree = "<group>";
		};
		D6F8DAA6222A140300EA1F08 /* Models */ = {
			isa = PBXGroup;
			children = (
				D642677A2213F01B00259034 /* NowPlaying.swift */,
				D6218366221421B800F4BA6B /* Spotify.swift */,
			);
			path = Models;
			sourceTree = "<group>";
		};
		D6F8DAA7222A143200EA1F08 /* Supporting Files */ = {
			isa = PBXGroup;
			children = (
				D6FE389D20C629D7009BB662 /* AppDelegate.swift */,
				D6FE38A420C629D9009BB662 /* Assets.xcassets */,
				D6FE38A620C629D9009BB662 /* LaunchScreen.storyboard */,
				D62F638F20C7E70800A44662 /* Extensions.swift */,
				D6F8DAAF222A165E00EA1F08 /* Info.plist */,
			);
			path = "Supporting Files";
			sourceTree = "<group>";
		};
		D6F8DAAC222A157800EA1F08 /* Supporting Files */ = {
			isa = PBXGroup;
			children = (
				D6323E7B20CBF874007728F9 /* Assets.xcassets */,
				D6F8DAAA222A150400EA1F08 /* Info.plist */,
			);
			path = "Supporting Files";
			sourceTree = "<group>";
		};
		D6FE389120C629D7009BB662 = {
			isa = PBXGroup;
			children = (
				D62F639120C7F39800A44662 /* README.md */,
				D6FE389C20C629D7009BB662 /* Now Playing */,
				D6323E7520CBF871007728F9 /* NowPlayingMessageExtension */,
				D6323E7220CBF871007728F9 /* Frameworks */,
				D6FE389B20C629D7009BB662 /* Products */,
			);
			sourceTree = "<group>";
		};
		D6FE389B20C629D7009BB662 /* Products */ = {
			isa = PBXGroup;
			children = (
				D6FE389A20C629D7009BB662 /* Now Playing.app */,
				D6323E7120CBF871007728F9 /* NowPlayingMessageExtension.appex */,
			);
			name = Products;
			sourceTree = "<group>";
		};
		D6FE389C20C629D7009BB662 /* Now Playing */ = {
			isa = PBXGroup;
			children = (
				D6F8DAA7222A143200EA1F08 /* Supporting Files */,
				D6F8DAA6222A140300EA1F08 /* Models */,
				D6F8DAA5222A13E400EA1F08 /* Controllers */,
				D6FE38A120C629D7009BB662 /* Main.storyboard */,
			);
			path = "Now Playing";
			sourceTree = "<group>";
		};
/* End PBXGroup section */

/* Begin PBXNativeTarget section */
		D6323E7020CBF871007728F9 /* NowPlayingMessageExtension */ = {
			isa = PBXNativeTarget;
			buildConfigurationList = D6323E8120CBF874007728F9 /* Build configuration list for PBXNativeTarget "NowPlayingMessageExtension" */;
			buildPhases = (
				D6323E6D20CBF871007728F9 /* Sources */,
				D6323E6E20CBF871007728F9 /* Frameworks */,
				D6323E6F20CBF871007728F9 /* Resources */,
			);
			buildRules = (
			);
			dependencies = (
			);
			name = NowPlayingMessageExtension;
			productName = NowPlayingMessageExtension;
			productReference = D6323E7120CBF871007728F9 /* NowPlayingMessageExtension.appex */;
			productType = "com.apple.product-type.app-extension.messages";
		};
		D6FE389920C629D7009BB662 /* Now Playing */ = {
			isa = PBXNativeTarget;
			buildConfigurationList = D6FE38AC20C629D9009BB662 /* Build configuration list for PBXNativeTarget "Now Playing" */;
			buildPhases = (
				D6FE389620C629D7009BB662 /* Sources */,
				D6FE389720C629D7009BB662 /* Frameworks */,
				D6FE389820C629D7009BB662 /* Resources */,
				D6323E8420CBF874007728F9 /* Embed App Extensions */,
			);
			buildRules = (
			);
			dependencies = (
				D6323E7F20CBF874007728F9 /* PBXTargetDependency */,
			);
			name = "Now Playing";
			productName = "Now Playing";
			productReference = D6FE389A20C629D7009BB662 /* Now Playing.app */;
			productType = "com.apple.product-type.application";
		};
/* End PBXNativeTarget section */

/* Begin PBXProject section */
		D6FE389220C629D7009BB662 /* Project object */ = {
			isa = PBXProject;
			attributes = {
				LastSwiftUpdateCheck = 1000;
				LastUpgradeCheck = 1000;
				ORGANIZATIONNAME = "Thomas Greenwood";
				TargetAttributes = {
					D6323E7020CBF871007728F9 = {
						CreatedOnToolsVersion = 10.0;
						LastSwiftMigration = 1020;
					};
					D6FE389920C629D7009BB662 = {
						CreatedOnToolsVersion = 10.0;
						LastSwiftMigration = 1020;
					};
				};
			};
			buildConfigurationList = D6FE389520C629D7009BB662 /* Build configuration list for PBXProject "Now Playing" */;
			compatibilityVersion = "Xcode 9.3";
			developmentRegion = en;
			hasScannedForEncodings = 0;
			knownRegions = (
				en,
				Base,
			);
			mainGroup = D6FE389120C629D7009BB662;
			productRefGroup = D6FE389B20C629D7009BB662 /* Products */;
			projectDirPath = "";
			projectRoot = "";
			targets = (
				D6FE389920C629D7009BB662 /* Now Playing */,
				D6323E7020CBF871007728F9 /* NowPlayingMessageExtension */,
			);
		};
/* End PBXProject section */

/* Begin PBXResourcesBuildPhase section */
		D6323E6F20CBF871007728F9 /* Resources */ = {
			isa = PBXResourcesBuildPhase;
			buildActionMask = 2147483647;
			files = (
				D6323E7C20CBF874007728F9 /* Assets.xcassets in Resources */,
				D6323E7A20CBF871007728F9 /* MainInterface.storyboard in Resources */,
			);
			runOnlyForDeploymentPostprocessing = 0;
		};
		D6FE389820C629D7009BB662 /* Resources */ = {
			isa = PBXResourcesBuildPhase;
			buildActionMask = 2147483647;
			files = (
				D6FE38A820C629D9009BB662 /* LaunchScreen.storyboard in Resources */,
				D6FE38A520C629D9009BB662 /* Assets.xcassets in Resources */,
				D6FE38A320C629D7009BB662 /* Main.storyboard in Resources */,
			);
			runOnlyForDeploymentPostprocessing = 0;
		};
/* End PBXResourcesBuildPhase section */

/* Begin PBXSourcesBuildPhase section */
		D6323E6D20CBF871007728F9 /* Sources */ = {
			isa = PBXSourcesBuildPhase;
			buildActionMask = 2147483647;
			files = (
				D6323E7720CBF871007728F9 /* MessagesViewController.swift in Sources */,
			);
			runOnlyForDeploymentPostprocessing = 0;
		};
		D6FE389620C629D7009BB662 /* Sources */ = {
			isa = PBXSourcesBuildPhase;
			buildActionMask = 2147483647;
			files = (
				D6218367221421B800F4BA6B /* Spotify.swift in Sources */,
				D6FE38A020C629D7009BB662 /* NowPlayingViewController.swift in Sources */,
				D642677B2213F01B00259034 /* NowPlaying.swift in Sources */,
				D62F639020C7E70800A44662 /* Extensions.swift in Sources */,
				D6AB5D30223355E000D50764 /* NowPlayingTabBarController.swift in Sources */,
				D6FE389E20C629D7009BB662 /* AppDelegate.swift in Sources */,
				D6323E6A20CBD8EA007728F9 /* SettingsViewController.swift in Sources */,
			);
			runOnlyForDeploymentPostprocessing = 0;
		};
/* End PBXSourcesBuildPhase section */

/* Begin PBXTargetDependency section */
		D6323E7F20CBF874007728F9 /* PBXTargetDependency */ = {
			isa = PBXTargetDependency;
			target = D6323E7020CBF871007728F9 /* NowPlayingMessageExtension */;
			targetProxy = D6323E7E20CBF874007728F9 /* PBXContainerItemProxy */;
		};
/* End PBXTargetDependency section */

/* Begin PBXVariantGroup section */
		D6323E7820CBF871007728F9 /* MainInterface.storyboard */ = {
			isa = PBXVariantGroup;
			children = (
				D6323E7920CBF871007728F9 /* Base */,
			);
			name = MainInterface.storyboard;
			sourceTree = "<group>";
		};
		D6FE38A120C629D7009BB662 /* Main.storyboard */ = {
			isa = PBXVariantGroup;
			children = (
				D6FE38A220C629D7009BB662 /* Base */,
			);
			name = Main.storyboard;
			sourceTree = "<group>";
		};
		D6FE38A620C629D9009BB662 /* LaunchScreen.storyboard */ = {
			isa = PBXVariantGroup;
			children = (
				D6FE38A720C629D9009BB662 /* Base */,
			);
			name = LaunchScreen.storyboard;
			sourceTree = "<group>";
		};
/* End PBXVariantGroup section */

/* Begin XCBuildConfiguration section */
		D6323E8220CBF874007728F9 /* Debug */ = {
			isa = XCBuildConfiguration;
			buildSettings = {
				ALWAYS_EMBED_SWIFT_STANDARD_LIBRARIES = YES;
				ASSETCATALOG_COMPILER_APPICON_NAME = "iMessage App Icon";
				CODE_SIGN_STYLE = Automatic;
				DEVELOPMENT_TEAM = F33EN56G35;
				INFOPLIST_FILE = "$(SRCROOT)/NowPlayingMessageExtension/Supporting Files/Info.plist";
				LD_RUNPATH_SEARCH_PATHS = (
					"$(inherited)",
					"@executable_path/Frameworks",
					"@executable_path/../../Frameworks",
				);
				PRODUCT_BUNDLE_IDENTIFIER = "com.greeny.Now-Playing.NowPlayingMessageExtension";
				PRODUCT_NAME = "$(TARGET_NAME)";
				SKIP_INSTALL = YES;
				SWIFT_VERSION = 4.2;
				TARGETED_DEVICE_FAMILY = "1,2";
			};
			name = Debug;
		};
		D6323E8320CBF874007728F9 /* Release */ = {
			isa = XCBuildConfiguration;
			buildSettings = {
				ALWAYS_EMBED_SWIFT_STANDARD_LIBRARIES = YES;
				ASSETCATALOG_COMPILER_APPICON_NAME = "iMessage App Icon";
				CODE_SIGN_STYLE = Automatic;
				DEVELOPMENT_TEAM = F33EN56G35;
				INFOPLIST_FILE = "$(SRCROOT)/NowPlayingMessageExtension/Supporting Files/Info.plist";
				LD_RUNPATH_SEARCH_PATHS = (
					"$(inherited)",
					"@executable_path/Frameworks",
					"@executable_path/../../Frameworks",
				);
				PRODUCT_BUNDLE_IDENTIFIER = "com.greeny.Now-Playing.NowPlayingMessageExtension";
				PRODUCT_NAME = "$(TARGET_NAME)";
				SKIP_INSTALL = YES;
				SWIFT_VERSION = 4.2;
				TARGETED_DEVICE_FAMILY = "1,2";
			};
			name = Release;
		};
		D6FE38AA20C629D9009BB662 /* Debug */ = {
			isa = XCBuildConfiguration;
			buildSettings = {
				ALWAYS_EMBED_SWIFT_STANDARD_LIBRARIES = YES;
				ALWAYS_SEARCH_USER_PATHS = NO;
				CLANG_ANALYZER_NONNULL = YES;
				CLANG_ANALYZER_NUMBER_OBJECT_CONVERSION = YES_AGGRESSIVE;
				CLANG_CXX_LANGUAGE_STANDARD = "gnu++14";
				CLANG_CXX_LIBRARY = "libc++";
				CLANG_ENABLE_MODULES = YES;
				CLANG_ENABLE_OBJC_ARC = YES;
				CLANG_ENABLE_OBJC_WEAK = YES;
				CLANG_WARN_BLOCK_CAPTURE_AUTORELEASING = YES;
				CLANG_WARN_BOOL_CONVERSION = YES;
				CLANG_WARN_COMMA = YES;
				CLANG_WARN_CONSTANT_CONVERSION = YES;
				CLANG_WARN_DEPRECATED_OBJC_IMPLEMENTATIONS = YES;
				CLANG_WARN_DIRECT_OBJC_ISA_USAGE = YES_ERROR;
				CLANG_WARN_DOCUMENTATION_COMMENTS = YES;
				CLANG_WARN_EMPTY_BODY = YES;
				CLANG_WARN_ENUM_CONVERSION = YES;
				CLANG_WARN_INFINITE_RECURSION = YES;
				CLANG_WARN_INT_CONVERSION = YES;
				CLANG_WARN_NON_LITERAL_NULL_CONVERSION = YES;
				CLANG_WARN_OBJC_IMPLICIT_RETAIN_SELF = YES;
				CLANG_WARN_OBJC_LITERAL_CONVERSION = YES;
				CLANG_WARN_OBJC_ROOT_CLASS = YES_ERROR;
				CLANG_WARN_RANGE_LOOP_ANALYSIS = YES;
				CLANG_WARN_STRICT_PROTOTYPES = YES;
				CLANG_WARN_SUSPICIOUS_MOVE = YES;
				CLANG_WARN_UNGUARDED_AVAILABILITY = YES_AGGRESSIVE;
				CLANG_WARN_UNREACHABLE_CODE = YES;
				CLANG_WARN__DUPLICATE_METHOD_MATCH = YES;
				CODE_SIGN_IDENTITY = "iPhone Developer";
				COPY_PHASE_STRIP = NO;
				DEBUG_INFORMATION_FORMAT = dwarf;
				ENABLE_STRICT_OBJC_MSGSEND = YES;
				ENABLE_TESTABILITY = YES;
				GCC_C_LANGUAGE_STANDARD = gnu11;
				GCC_DYNAMIC_NO_PIC = NO;
				GCC_NO_COMMON_BLOCKS = YES;
				GCC_OPTIMIZATION_LEVEL = 0;
				GCC_PREPROCESSOR_DEFINITIONS = (
					"DEBUG=1",
					"$(inherited)",
				);
				GCC_WARN_64_TO_32_BIT_CONVERSION = YES;
				GCC_WARN_ABOUT_RETURN_TYPE = YES_ERROR;
				GCC_WARN_UNDECLARED_SELECTOR = YES;
				GCC_WARN_UNINITIALIZED_AUTOS = YES_AGGRESSIVE;
				GCC_WARN_UNUSED_FUNCTION = YES;
				GCC_WARN_UNUSED_VARIABLE = YES;
				IPHONEOS_DEPLOYMENT_TARGET = 12.0;
				MTL_ENABLE_DEBUG_INFO = INCLUDE_SOURCE;
				ONLY_ACTIVE_ARCH = YES;
				SDKROOT = iphoneos;
				SWIFT_ACTIVE_COMPILATION_CONDITIONS = DEBUG;
				SWIFT_OPTIMIZATION_LEVEL = "-Onone";
			};
			name = Debug;
		};
		D6FE38AB20C629D9009BB662 /* Release */ = {
			isa = XCBuildConfiguration;
			buildSettings = {
				ALWAYS_EMBED_SWIFT_STANDARD_LIBRARIES = YES;
				ALWAYS_SEARCH_USER_PATHS = NO;
				CLANG_ANALYZER_NONNULL = YES;
				CLANG_ANALYZER_NUMBER_OBJECT_CONVERSION = YES_AGGRESSIVE;
				CLANG_CXX_LANGUAGE_STANDARD = "gnu++14";
				CLANG_CXX_LIBRARY = "libc++";
				CLANG_ENABLE_MODULES = YES;
				CLANG_ENABLE_OBJC_ARC = YES;
				CLANG_ENABLE_OBJC_WEAK = YES;
				CLANG_WARN_BLOCK_CAPTURE_AUTORELEASING = YES;
				CLANG_WARN_BOOL_CONVERSION = YES;
				CLANG_WARN_COMMA = YES;
				CLANG_WARN_CONSTANT_CONVERSION = YES;
				CLANG_WARN_DEPRECATED_OBJC_IMPLEMENTATIONS = YES;
				CLANG_WARN_DIRECT_OBJC_ISA_USAGE = YES_ERROR;
				CLANG_WARN_DOCUMENTATION_COMMENTS = YES;
				CLANG_WARN_EMPTY_BODY = YES;
				CLANG_WARN_ENUM_CONVERSION = YES;
				CLANG_WARN_INFINITE_RECURSION = YES;
				CLANG_WARN_INT_CONVERSION = YES;
				CLANG_WARN_NON_LITERAL_NULL_CONVERSION = YES;
				CLANG_WARN_OBJC_IMPLICIT_RETAIN_SELF = YES;
				CLANG_WARN_OBJC_LITERAL_CONVERSION = YES;
				CLANG_WARN_OBJC_ROOT_CLASS = YES_ERROR;
				CLANG_WARN_RANGE_LOOP_ANALYSIS = YES;
				CLANG_WARN_STRICT_PROTOTYPES = YES;
				CLANG_WARN_SUSPICIOUS_MOVE = YES;
				CLANG_WARN_UNGUARDED_AVAILABILITY = YES_AGGRESSIVE;
				CLANG_WARN_UNREACHABLE_CODE = YES;
				CLANG_WARN__DUPLICATE_METHOD_MATCH = YES;
				CODE_SIGN_IDENTITY = "iPhone Developer";
				COPY_PHASE_STRIP = NO;
				DEBUG_INFORMATION_FORMAT = "dwarf-with-dsym";
				ENABLE_NS_ASSERTIONS = NO;
				ENABLE_STRICT_OBJC_MSGSEND = YES;
				GCC_C_LANGUAGE_STANDARD = gnu11;
				GCC_NO_COMMON_BLOCKS = YES;
				GCC_WARN_64_TO_32_BIT_CONVERSION = YES;
				GCC_WARN_ABOUT_RETURN_TYPE = YES_ERROR;
				GCC_WARN_UNDECLARED_SELECTOR = YES;
				GCC_WARN_UNINITIALIZED_AUTOS = YES_AGGRESSIVE;
				GCC_WARN_UNUSED_FUNCTION = YES;
				GCC_WARN_UNUSED_VARIABLE = YES;
				IPHONEOS_DEPLOYMENT_TARGET = 12.0;
				MTL_ENABLE_DEBUG_INFO = NO;
				SDKROOT = iphoneos;
				SWIFT_COMPILATION_MODE = wholemodule;
				SWIFT_OPTIMIZATION_LEVEL = "-O";
				VALIDATE_PRODUCT = YES;
			};
			name = Release;
		};
		D6FE38AD20C629D9009BB662 /* Debug */ = {
			isa = XCBuildConfiguration;
			buildSettings = {
				ALWAYS_EMBED_SWIFT_STANDARD_LIBRARIES = YES;
				ASSETCATALOG_COMPILER_APPICON_NAME = AppIcon;
				CODE_SIGN_STYLE = Automatic;
				DEVELOPMENT_TEAM = F33EN56G35;
				INFOPLIST_FILE = "$(SRCROOT)/Now Playing/Supporting Files/Info.plist";
				IPHONEOS_DEPLOYMENT_TARGET = 11.0;
				LD_RUNPATH_SEARCH_PATHS = (
					"$(inherited)",
					"@executable_path/Frameworks",
				);
				PRODUCT_BUNDLE_IDENTIFIER = "com.greeny.Now-Playing";
				PRODUCT_NAME = "$(TARGET_NAME)";
				SWIFT_VERSION = 4.0;
				TARGETED_DEVICE_FAMILY = "1,2";
			};
			name = Debug;
		};
		D6FE38AE20C629D9009BB662 /* Release */ = {
			isa = XCBuildConfiguration;
			buildSettings = {
				ALWAYS_EMBED_SWIFT_STANDARD_LIBRARIES = YES;
				ASSETCATALOG_COMPILER_APPICON_NAME = AppIcon;
				CODE_SIGN_STYLE = Automatic;
				DEVELOPMENT_TEAM = F33EN56G35;
				INFOPLIST_FILE = "$(SRCROOT)/Now Playing/Supporting Files/Info.plist";
				IPHONEOS_DEPLOYMENT_TARGET = 11.0;
				LD_RUNPATH_SEARCH_PATHS = (
					"$(inherited)",
					"@executable_path/Frameworks",
				);
				PRODUCT_BUNDLE_IDENTIFIER = "com.greeny.Now-Playing";
				PRODUCT_NAME = "$(TARGET_NAME)";
				SWIFT_VERSION = 4.0;
				TARGETED_DEVICE_FAMILY = "1,2";
			};
			name = Release;
		};
/* End XCBuildConfiguration section */

/* Begin XCConfigurationList section */
		D6323E8120CBF874007728F9 /* Build configuration list for PBXNativeTarget "NowPlayingMessageExtension" */ = {
			isa = XCConfigurationList;
			buildConfigurations = (
				D6323E8220CBF874007728F9 /* Debug */,
				D6323E8320CBF874007728F9 /* Release */,
			);
			defaultConfigurationIsVisible = 0;
			defaultConfigurationName = Release;
		};
		D6FE389520C629D7009BB662 /* Build configuration list for PBXProject "Now Playing" */ = {
			isa = XCConfigurationList;
			buildConfigurations = (
				D6FE38AA20C629D9009BB662 /* Debug */,
				D6FE38AB20C629D9009BB662 /* Release */,
			);
			defaultConfigurationIsVisible = 0;
			defaultConfigurationName = Release;
		};
		D6FE38AC20C629D9009BB662 /* Build configuration list for PBXNativeTarget "Now Playing" */ = {
			isa = XCConfigurationList;
			buildConfigurations = (
				D6FE38AD20C629D9009BB662 /* Debug */,
				D6FE38AE20C629D9009BB662 /* Release */,
			);
			defaultConfigurationIsVisible = 0;
			defaultConfigurationName = Release;
		};
/* End XCConfigurationList section */
	};
	rootObject = D6FE389220C629D7009BB662 /* Project object */;
}
